Microsoft Visual Studio Solution File, Format Version 12.00
# Visual Studio Version 17
VisualStudioVersion = 17.5.2.0
MinimumVisualStudioVersion = 10.0.40219.1
Project("{FAE04EC0-301F-11D3-BF4B-00C04F79EFBC}") = "Bound", "Bound.csproj", "{CEDF7C36-0FF1-B0D8-4EA9-C359E8E0C98C}"
EndProject
Global
	GlobalSection(SolutionConfigurationPlatforms) = preSolution
		Debug|Any CPU = Debug|Any CPU
		Release|Any CPU = Release|Any CPU
	EndGlobalSection
	GlobalSection(ProjectConfigurationPlatforms) = postSolution
		{CEDF7C36-0FF1-B0D8-4EA9-C359E8E0C98C}.Debug|Any CPU.ActiveCfg = Debug|Any CPU
		{CEDF7C36-0FF1-B0D8-4EA9-C359E8E0C98C}.Debug|Any CPU.Build.0 = Debug|Any CPU
		{CEDF7C36-0FF1-B0D8-4EA9-C359E8E0C98C}.Release|Any CPU.ActiveCfg = Release|Any CPU
		{CEDF7C36-0FF1-B0D8-4EA9-C359E8E0C98C}.Release|Any CPU.Build.0 = Release|Any CPU
	EndGlobalSection
	GlobalSection(SolutionProperties) = preSolution
		HideSolutionNode = FALSE
	EndGlobalSection
	GlobalSection(ExtensibilityGlobals) = postSolution
		SolutionGuid = {EA94064F-C3B6-44A8-A429-D027838DEA2B}
	EndGlobalSection
EndGlobal
